
Microsoft Visual Studio Solution File, Format Version 12.00
# Visual Studio Version 17
VisualStudioVersion = 17.7.34221.43
MinimumVisualStudioVersion = 10.0.40219.1
Project("{FAE04EC0-301F-11D3-BF4B-00C04F79EFBC}") = "Ticketek.Api", "Ticketek.Api\Ticketek.Api.csproj", "{0B9A9999-E7EB-4253-983A-E2693DED8DDB}"
EndProject
Project("{9A19103F-16F7-4668-BE54-9A1E7A4F7556}") = "Ticketek.Provider", "Ticketek.Provider\Ticketek.Provider.csproj", "{474B03DC-4D9F-4DC3-9533-0C33A26A34A5}"
EndProject
Global
	GlobalSection(SolutionConfigurationPlatforms) = preSolution
		Debug|Any CPU = Debug|Any CPU
		Release|Any CPU = Release|Any CPU
	EndGlobalSection
	GlobalSection(ProjectConfigurationPlatforms) = postSolution
		{0B9A9999-E7EB-4253-983A-E2693DED8DDB}.Debug|Any CPU.ActiveCfg = Debug|Any CPU
		{0B9A9999-E7EB-4253-983A-E2693DED8DDB}.Debug|Any CPU.Build.0 = Debug|Any CPU
		{0B9A9999-E7EB-4253-983A-E2693DED8DDB}.Release|Any CPU.ActiveCfg = Release|Any CPU
		{0B9A9999-E7EB-4253-983A-E2693DED8DDB}.Release|Any CPU.Build.0 = Release|Any CPU
		{474B03DC-4D9F-4DC3-9533-0C33A26A34A5}.Debug|Any CPU.ActiveCfg = Debug|Any CPU
		{474B03DC-4D9F-4DC3-9533-0C33A26A34A5}.Debug|Any CPU.Build.0 = Debug|Any CPU
		{474B03DC-4D9F-4DC3-9533-0C33A26A34A5}.Release|Any CPU.ActiveCfg = Release|Any CPU
		{474B03DC-4D9F-4DC3-9533-0C33A26A34A5}.Release|Any CPU.Build.0 = Release|Any CPU
	EndGlobalSection
	GlobalSection(SolutionProperties) = preSolution
		HideSolutionNode = FALSE
	EndGlobalSection
	GlobalSection(ExtensibilityGlobals) = postSolution
		SolutionGuid = {2FA28B6E-2631-49E6-A044-F145B6C4B4B8}
	EndGlobalSection
EndGlobal
